
Microsoft Visual Studio Solution File, Format Version 12.00
# Visual Studio Version 16
VisualStudioVersion = 16.0.29403.142
MinimumVisualStudioVersion = 10.0.40219.1
Project("{FAE04EC0-301F-11D3-BF4B-00C04F79EFBC}") = "Technical Task", "Technical Task\Technical Task.csproj", "{BA6CEF0B-3F16-480A-93A4-AD99F2175767}"
EndProject
Global
	GlobalSection(SolutionConfigurationPlatforms) = preSolution
		Debug|Any CPU = Debug|Any CPU
		Release|Any CPU = Release|Any CPU
	EndGlobalSection
	GlobalSection(ProjectConfigurationPlatforms) = postSolution
		{BA6CEF0B-3F16-480A-93A4-AD99F2175767}.Debug|Any CPU.ActiveCfg = Debug|Any CPU
		{BA6CEF0B-3F16-480A-93A4-AD99F2175767}.Debug|Any CPU.Build.0 = Debug|Any CPU
		{BA6CEF0B-3F16-480A-93A4-AD99F2175767}.Release|Any CPU.ActiveCfg = Release|Any CPU
		{BA6CEF0B-3F16-480A-93A4-AD99F2175767}.Release|Any CPU.Build.0 = Release|Any CPU
	EndGlobalSection
	GlobalSection(SolutionProperties) = preSolution
		HideSolutionNode = FALSE
	EndGlobalSection
	GlobalSection(ExtensibilityGlobals) = postSolution
		SolutionGuid = {9CC8D26D-85A5-4B7C-AAF9-25EB1F3E0D39}
	EndGlobalSection
EndGlobal
